
Microsoft Visual Studio Solution File, Format Version 12.00
# Visual Studio Version 17
VisualStudioVersion = 17.6.33723.286
MinimumVisualStudioVersion = 10.0.40219.1
Project("{FAE04EC0-301F-11D3-BF4B-00C04F79EFBC}") = "Proyecto_I", "Proyecto_I\Proyecto_I.csproj", "{B60257B6-B6DC-4587-9BA8-26E22B87C334}"
EndProject
Global
	GlobalSection(SolutionConfigurationPlatforms) = preSolution
		Debug|Any CPU = Debug|Any CPU
		Release|Any CPU = Release|Any CPU
	EndGlobalSection
	GlobalSection(ProjectConfigurationPlatforms) = postSolution
		{B60257B6-B6DC-4587-9BA8-26E22B87C334}.Debug|Any CPU.ActiveCfg = Debug|Any CPU
		{B60257B6-B6DC-4587-9BA8-26E22B87C334}.Debug|Any CPU.Build.0 = Debug|Any CPU
		{B60257B6-B6DC-4587-9BA8-26E22B87C334}.Release|Any CPU.ActiveCfg = Release|Any CPU
		{B60257B6-B6DC-4587-9BA8-26E22B87C334}.Release|Any CPU.Build.0 = Release|Any CPU
	EndGlobalSection
	GlobalSection(SolutionProperties) = preSolution
		HideSolutionNode = FALSE
	EndGlobalSection
	GlobalSection(ExtensibilityGlobals) = postSolution
		SolutionGuid = {9EBB80C2-F991-47B8-A13C-C996F71D1B0D}
	EndGlobalSection
EndGlobal
